
Microsoft Visual Studio Solution File, Format Version 12.00
# Visual Studio Version 16
VisualStudioVersion = 16.0.29215.179
MinimumVisualStudioVersion = 10.0.40219.1
Project("{8BC9CEB8-8B4A-11D0-8D11-00A0C91BC942}") = "Lab6_Diego_Morales_1132119", "Lab6_Diego_Morales_1132119\Lab6_Diego_Morales_1132119.vcxproj", "{21BBA5EC-1455-466F-AE4A-2E448BAE0FCB}"
EndProject
Global
	GlobalSection(SolutionConfigurationPlatforms) = preSolution
		Debug|x64 = Debug|x64
		Debug|x86 = Debug|x86
		Release|x64 = Release|x64
		Release|x86 = Release|x86
	EndGlobalSection
	GlobalSection(ProjectConfigurationPlatforms) = postSolution
		{21BBA5EC-1455-466F-AE4A-2E448BAE0FCB}.Debug|x64.ActiveCfg = Debug|x64
		{21BBA5EC-1455-466F-AE4A-2E448BAE0FCB}.Debug|x64.Build.0 = Debug|x64
		{21BBA5EC-1455-466F-AE4A-2E448BAE0FCB}.Debug|x86.ActiveCfg = Debug|Win32
		{21BBA5EC-1455-466F-AE4A-2E448BAE0FCB}.Debug|x86.Build.0 = Debug|Win32
		{21BBA5EC-1455-466F-AE4A-2E448BAE0FCB}.Release|x64.ActiveCfg = Release|x64
		{21BBA5EC-1455-466F-AE4A-2E448BAE0FCB}.Release|x64.Build.0 = Release|x64
		{21BBA5EC-1455-466F-AE4A-2E448BAE0FCB}.Release|x86.ActiveCfg = Release|Win32
		{21BBA5EC-1455-466F-AE4A-2E448BAE0FCB}.Release|x86.Build.0 = Release|Win32
	EndGlobalSection
	GlobalSection(SolutionProperties) = preSolution
		HideSolutionNode = FALSE
	EndGlobalSection
	GlobalSection(ExtensibilityGlobals) = postSolution
		SolutionGuid = {31CE13BF-1BFC-4411-946F-785D549F09DD}
	EndGlobalSection
EndGlobal
